
Microsoft Visual Studio Solution File, Format Version 12.00
# Visual Studio Version 17
VisualStudioVersion = 17.6.33829.357
MinimumVisualStudioVersion = 10.0.40219.1
Project("{9A19103F-16F7-4668-BE54-9A1E7A4F7556}") = "BikeShop.BackendAPI", "BikeShop.BackendAPI\BikeShop.BackendAPI.csproj", "{398464BA-861B-455A-994D-1FEEE34FC367}"
EndProject
Project("{9A19103F-16F7-4668-BE54-9A1E7A4F7556}") = "BikeShop.Infrastructure", "BikeShop.Infrastructure\BikeShop.Infrastructure.csproj", "{AB4E750B-19BD-4777-A0BA-3EEC69A86421}"
EndProject
Project("{9A19103F-16F7-4668-BE54-9A1E7A4F7556}") = "BikeShop.Application", "BikeShop.Application\BikeShop.Application.csproj", "{E1BEB12F-CC97-498E-AB88-327760D8C615}"
EndProject
Project("{9A19103F-16F7-4668-BE54-9A1E7A4F7556}") = "BikeShop.Domain", "BikeShop.Domain\BikeShop.Domain.csproj", "{3DA9502A-590E-40BD-AD05-C6CF68FAC0A4}"
EndProject
Project("{E53339B2-1760-4266-BCC7-CA923CBCF16C}") = "docker-compose", "docker-compose.dcproj", "{1098255D-E9C6-43F2-B6F8-B3493C091CFC}"
EndProject
Project("{2150E333-8FDC-42A3-9474-1A3956D46DE8}") = "src", "src", "{971CDA96-84B0-4E3B-82BE-5E6307E0FF1B}"
EndProject
Project("{2150E333-8FDC-42A3-9474-1A3956D46DE8}") = "Solution Items", "Solution Items", "{92038DA0-09B3-4670-BB97-87236554929E}"
	ProjectSection(SolutionItems) = preProject
		Readme.md = Readme.md
	EndProjectSection
EndProject
Project("{2150E333-8FDC-42A3-9474-1A3956D46DE8}") = "Core Infrasturcture", "Core Infrasturcture", "{50A2916D-F6E4-410C-970B-8918DFC2015E}"
EndProject
Project("{2150E333-8FDC-42A3-9474-1A3956D46DE8}") = "Host", "Host", "{DF63C910-1515-4752-8AA4-E311F630BEFC}"
EndProject
Project("{2150E333-8FDC-42A3-9474-1A3956D46DE8}") = "Test", "Test", "{8F45B3A7-38E6-4927-BBA5-2CB6A30BA298}"
EndProject
Project("{9A19103F-16F7-4668-BE54-9A1E7A4F7556}") = "BikeShop.IndentityServer", "BikeShop.IndentityServer\BikeShop.IndentityServer.csproj", "{D8D8D3EA-84DA-4934-A393-DACE0D9B7530}"
EndProject
Project("{9A19103F-16F7-4668-BE54-9A1E7A4F7556}") = "BikeShop.UnitTest", "BikeShop.UnitTest\BikeShop.UnitTest.csproj", "{21E56625-45B3-429B-89E0-8FCC8FDBDA03}"
EndProject
Global
	GlobalSection(SolutionConfigurationPlatforms) = preSolution
		Debug|Any CPU = Debug|Any CPU
		Release|Any CPU = Release|Any CPU
	EndGlobalSection
	GlobalSection(ProjectConfigurationPlatforms) = postSolution
		{398464BA-861B-455A-994D-1FEEE34FC367}.Debug|Any CPU.ActiveCfg = Debug|Any CPU
		{398464BA-861B-455A-994D-1FEEE34FC367}.Debug|Any CPU.Build.0 = Debug|Any CPU
		{398464BA-861B-455A-994D-1FEEE34FC367}.Release|Any CPU.ActiveCfg = Release|Any CPU
		{398464BA-861B-455A-994D-1FEEE34FC367}.Release|Any CPU.Build.0 = Release|Any CPU
		{AB4E750B-19BD-4777-A0BA-3EEC69A86421}.Debug|Any CPU.ActiveCfg = Debug|Any CPU
		{AB4E750B-19BD-4777-A0BA-3EEC69A86421}.Debug|Any CPU.Build.0 = Debug|Any CPU
		{AB4E750B-19BD-4777-A0BA-3EEC69A86421}.Release|Any CPU.ActiveCfg = Release|Any CPU
		{AB4E750B-19BD-4777-A0BA-3EEC69A86421}.Release|Any CPU.Build.0 = Release|Any CPU
		{E1BEB12F-CC97-498E-AB88-327760D8C615}.Debug|Any CPU.ActiveCfg = Debug|Any CPU
		{E1BEB12F-CC97-498E-AB88-327760D8C615}.Debug|Any CPU.Build.0 = Debug|Any CPU
		{E1BEB12F-CC97-498E-AB88-327760D8C615}.Release|Any CPU.ActiveCfg = Release|Any CPU
		{E1BEB12F-CC97-498E-AB88-327760D8C615}.Release|Any CPU.Build.0 = Release|Any CPU
		{3DA9502A-590E-40BD-AD05-C6CF68FAC0A4}.Debug|Any CPU.ActiveCfg = Debug|Any CPU
		{3DA9502A-590E-40BD-AD05-C6CF68FAC0A4}.Debug|Any CPU.Build.0 = Debug|Any CPU
		{3DA9502A-590E-40BD-AD05-C6CF68FAC0A4}.Release|Any CPU.ActiveCfg = Release|Any CPU
		{3DA9502A-590E-40BD-AD05-C6CF68FAC0A4}.Release|Any CPU.Build.0 = Release|Any CPU
		{1098255D-E9C6-43F2-B6F8-B3493C091CFC}.Debug|Any CPU.ActiveCfg = Debug|Any CPU
		{1098255D-E9C6-43F2-B6F8-B3493C091CFC}.Debug|Any CPU.Build.0 = Debug|Any CPU
		{1098255D-E9C6-43F2-B6F8-B3493C091CFC}.Release|Any CPU.ActiveCfg = Release|Any CPU
		{1098255D-E9C6-43F2-B6F8-B3493C091CFC}.Release|Any CPU.Build.0 = Release|Any CPU
		{D8D8D3EA-84DA-4934-A393-DACE0D9B7530}.Debug|Any CPU.ActiveCfg = Debug|Any CPU
		{D8D8D3EA-84DA-4934-A393-DACE0D9B7530}.Debug|Any CPU.Build.0 = Debug|Any CPU
		{D8D8D3EA-84DA-4934-A393-DACE0D9B7530}.Release|Any CPU.ActiveCfg = Release|Any CPU
		{D8D8D3EA-84DA-4934-A393-DACE0D9B7530}.Release|Any CPU.Build.0 = Release|Any CPU
		{21E56625-45B3-429B-89E0-8FCC8FDBDA03}.Debug|Any CPU.ActiveCfg = Debug|Any CPU
		{21E56625-45B3-429B-89E0-8FCC8FDBDA03}.Debug|Any CPU.Build.0 = Debug|Any CPU
		{21E56625-45B3-429B-89E0-8FCC8FDBDA03}.Release|Any CPU.ActiveCfg = Release|Any CPU
		{21E56625-45B3-429B-89E0-8FCC8FDBDA03}.Release|Any CPU.Build.0 = Release|Any CPU
	EndGlobalSection
	GlobalSection(SolutionProperties) = preSolution
		HideSolutionNode = FALSE
	EndGlobalSection
	GlobalSection(NestedProjects) = preSolution
		{398464BA-861B-455A-994D-1FEEE34FC367} = {DF63C910-1515-4752-8AA4-E311F630BEFC}
		{AB4E750B-19BD-4777-A0BA-3EEC69A86421} = {50A2916D-F6E4-410C-970B-8918DFC2015E}
		{E1BEB12F-CC97-498E-AB88-327760D8C615} = {50A2916D-F6E4-410C-970B-8918DFC2015E}
		{3DA9502A-590E-40BD-AD05-C6CF68FAC0A4} = {50A2916D-F6E4-410C-970B-8918DFC2015E}
		{1098255D-E9C6-43F2-B6F8-B3493C091CFC} = {92038DA0-09B3-4670-BB97-87236554929E}
		{50A2916D-F6E4-410C-970B-8918DFC2015E} = {971CDA96-84B0-4E3B-82BE-5E6307E0FF1B}
		{DF63C910-1515-4752-8AA4-E311F630BEFC} = {971CDA96-84B0-4E3B-82BE-5E6307E0FF1B}
		{8F45B3A7-38E6-4927-BBA5-2CB6A30BA298} = {971CDA96-84B0-4E3B-82BE-5E6307E0FF1B}
		{D8D8D3EA-84DA-4934-A393-DACE0D9B7530} = {DF63C910-1515-4752-8AA4-E311F630BEFC}
		{21E56625-45B3-429B-89E0-8FCC8FDBDA03} = {8F45B3A7-38E6-4927-BBA5-2CB6A30BA298}
	EndGlobalSection
	GlobalSection(ExtensibilityGlobals) = postSolution
		SolutionGuid = {AAAF77BE-6C93-4FDF-97D0-9FF7B2A6DE08}
	EndGlobalSection
EndGlobal
